
Microsoft Visual Studio Solution File, Format Version 12.00
# Visual Studio 2013
VisualStudioVersion = 12.0.30501.0
MinimumVisualStudioVersion = 10.0.40219.1
Project("{FAE04EC0-301F-11D3-BF4B-00C04F79EFBC}") = "SafeFolder", "WindowsFormsApplication1\SafeFolder.csproj", "{07BEF6E0-E526-47F8-B3E0-F56D7CDD0D09}"
EndProject
Project("{FAE04EC0-301F-11D3-BF4B-00C04F79EFBC}") = "SafeFolder.Domain", "SafeFolder.Domain\SafeFolder.Domain.csproj", "{A0C421A1-B1EA-4298-8FD5-290C3E7906D7}"
EndProject
Project("{FAE04EC0-301F-11D3-BF4B-00C04F79EFBC}") = "SafeFolder.Data", "SafeFolder.Data\SafeFolder.Data.csproj", "{3F48D8CF-370B-4C68-ACB7-4D1F9BF4D64A}"
EndProject
Project("{FAE04EC0-301F-11D3-BF4B-00C04F79EFBC}") = "SafeFolder.Core", "SafeFolder.Core\SafeFolder.Core.csproj", "{DC10F637-ED55-4951-8EFB-D3DEB823A46D}"
EndProject
Project("{FAE04EC0-301F-11D3-BF4B-00C04F79EFBC}") = "SafeFolder.Infrastructure", "SafeFolder.Infrastructure\SafeFolder.Infrastructure.csproj", "{6D6EEC7D-7482-4D3B-90E6-A127A36EAB23}"
EndProject
Global
	GlobalSection(SolutionConfigurationPlatforms) = preSolution
		CD_ROM|Any CPU = CD_ROM|Any CPU
		Debug|Any CPU = Debug|Any CPU
		DVD-5|Any CPU = DVD-5|Any CPU
		Release|Any CPU = Release|Any CPU
		SingleImage|Any CPU = SingleImage|Any CPU
	EndGlobalSection
	GlobalSection(ProjectConfigurationPlatforms) = postSolution
		{07BEF6E0-E526-47F8-B3E0-F56D7CDD0D09}.CD_ROM|Any CPU.ActiveCfg = Release|Any CPU
		{07BEF6E0-E526-47F8-B3E0-F56D7CDD0D09}.CD_ROM|Any CPU.Build.0 = Release|Any CPU
		{07BEF6E0-E526-47F8-B3E0-F56D7CDD0D09}.Debug|Any CPU.ActiveCfg = Debug|Any CPU
		{07BEF6E0-E526-47F8-B3E0-F56D7CDD0D09}.Debug|Any CPU.Build.0 = Debug|Any CPU
		{07BEF6E0-E526-47F8-B3E0-F56D7CDD0D09}.DVD-5|Any CPU.ActiveCfg = Debug|Any CPU
		{07BEF6E0-E526-47F8-B3E0-F56D7CDD0D09}.DVD-5|Any CPU.Build.0 = Debug|Any CPU
		{07BEF6E0-E526-47F8-B3E0-F56D7CDD0D09}.Release|Any CPU.ActiveCfg = Release|Any CPU
		{07BEF6E0-E526-47F8-B3E0-F56D7CDD0D09}.Release|Any CPU.Build.0 = Release|Any CPU
		{07BEF6E0-E526-47F8-B3E0-F56D7CDD0D09}.SingleImage|Any CPU.ActiveCfg = Release|Any CPU
		{07BEF6E0-E526-47F8-B3E0-F56D7CDD0D09}.SingleImage|Any CPU.Build.0 = Release|Any CPU
		{A0C421A1-B1EA-4298-8FD5-290C3E7906D7}.CD_ROM|Any CPU.ActiveCfg = Release|Any CPU
		{A0C421A1-B1EA-4298-8FD5-290C3E7906D7}.CD_ROM|Any CPU.Build.0 = Release|Any CPU
		{A0C421A1-B1EA-4298-8FD5-290C3E7906D7}.Debug|Any CPU.ActiveCfg = Debug|Any CPU
		{A0C421A1-B1EA-4298-8FD5-290C3E7906D7}.Debug|Any CPU.Build.0 = Debug|Any CPU
		{A0C421A1-B1EA-4298-8FD5-290C3E7906D7}.DVD-5|Any CPU.ActiveCfg = Debug|Any CPU
		{A0C421A1-B1EA-4298-8FD5-290C3E7906D7}.DVD-5|Any CPU.Build.0 = Debug|Any CPU
		{A0C421A1-B1EA-4298-8FD5-290C3E7906D7}.Release|Any CPU.ActiveCfg = Release|Any CPU
		{A0C421A1-B1EA-4298-8FD5-290C3E7906D7}.Release|Any CPU.Build.0 = Release|Any CPU
		{A0C421A1-B1EA-4298-8FD5-290C3E7906D7}.SingleImage|Any CPU.ActiveCfg = Release|Any CPU
		{A0C421A1-B1EA-4298-8FD5-290C3E7906D7}.SingleImage|Any CPU.Build.0 = Release|Any CPU
		{3F48D8CF-370B-4C68-ACB7-4D1F9BF4D64A}.CD_ROM|Any CPU.ActiveCfg = Release|Any CPU
		{3F48D8CF-370B-4C68-ACB7-4D1F9BF4D64A}.CD_ROM|Any CPU.Build.0 = Release|Any CPU
		{3F48D8CF-370B-4C68-ACB7-4D1F9BF4D64A}.Debug|Any CPU.ActiveCfg = Debug|Any CPU
		{3F48D8CF-370B-4C68-ACB7-4D1F9BF4D64A}.Debug|Any CPU.Build.0 = Debug|Any CPU
		{3F48D8CF-370B-4C68-ACB7-4D1F9BF4D64A}.DVD-5|Any CPU.ActiveCfg = Debug|Any CPU
		{3F48D8CF-370B-4C68-ACB7-4D1F9BF4D64A}.DVD-5|Any CPU.Build.0 = Debug|Any CPU
		{3F48D8CF-370B-4C68-ACB7-4D1F9BF4D64A}.Release|Any CPU.ActiveCfg = Release|Any CPU
		{3F48D8CF-370B-4C68-ACB7-4D1F9BF4D64A}.Release|Any CPU.Build.0 = Release|Any CPU
		{3F48D8CF-370B-4C68-ACB7-4D1F9BF4D64A}.SingleImage|Any CPU.ActiveCfg = Release|Any CPU
		{3F48D8CF-370B-4C68-ACB7-4D1F9BF4D64A}.SingleImage|Any CPU.Build.0 = Release|Any CPU
		{DC10F637-ED55-4951-8EFB-D3DEB823A46D}.CD_ROM|Any CPU.ActiveCfg = Release|Any CPU
		{DC10F637-ED55-4951-8EFB-D3DEB823A46D}.CD_ROM|Any CPU.Build.0 = Release|Any CPU
		{DC10F637-ED55-4951-8EFB-D3DEB823A46D}.Debug|Any CPU.ActiveCfg = Debug|Any CPU
		{DC10F637-ED55-4951-8EFB-D3DEB823A46D}.Debug|Any CPU.Build.0 = Debug|Any CPU
		{DC10F637-ED55-4951-8EFB-D3DEB823A46D}.DVD-5|Any CPU.ActiveCfg = Debug|Any CPU
		{DC10F637-ED55-4951-8EFB-D3DEB823A46D}.DVD-5|Any CPU.Build.0 = Debug|Any CPU
		{DC10F637-ED55-4951-8EFB-D3DEB823A46D}.Release|Any CPU.ActiveCfg = Release|Any CPU
		{DC10F637-ED55-4951-8EFB-D3DEB823A46D}.Release|Any CPU.Build.0 = Release|Any CPU
		{DC10F637-ED55-4951-8EFB-D3DEB823A46D}.SingleImage|Any CPU.ActiveCfg = Release|Any CPU
		{DC10F637-ED55-4951-8EFB-D3DEB823A46D}.SingleImage|Any CPU.Build.0 = Release|Any CPU
		{6D6EEC7D-7482-4D3B-90E6-A127A36EAB23}.CD_ROM|Any CPU.ActiveCfg = Release|Any CPU
		{6D6EEC7D-7482-4D3B-90E6-A127A36EAB23}.CD_ROM|Any CPU.Build.0 = Release|Any CPU
		{6D6EEC7D-7482-4D3B-90E6-A127A36EAB23}.Debug|Any CPU.ActiveCfg = Debug|Any CPU
		{6D6EEC7D-7482-4D3B-90E6-A127A36EAB23}.Debug|Any CPU.Build.0 = Debug|Any CPU
		{6D6EEC7D-7482-4D3B-90E6-A127A36EAB23}.DVD-5|Any CPU.ActiveCfg = Debug|Any CPU
		{6D6EEC7D-7482-4D3B-90E6-A127A36EAB23}.DVD-5|Any CPU.Build.0 = Debug|Any CPU
		{6D6EEC7D-7482-4D3B-90E6-A127A36EAB23}.Release|Any CPU.ActiveCfg = Release|Any CPU
		{6D6EEC7D-7482-4D3B-90E6-A127A36EAB23}.Release|Any CPU.Build.0 = Release|Any CPU
		{6D6EEC7D-7482-4D3B-90E6-A127A36EAB23}.SingleImage|Any CPU.ActiveCfg = Release|Any CPU
		{6D6EEC7D-7482-4D3B-90E6-A127A36EAB23}.SingleImage|Any CPU.Build.0 = Release|Any CPU
	EndGlobalSection
	GlobalSection(SolutionProperties) = preSolution
		HideSolutionNode = FALSE
	EndGlobalSection
EndGlobal
